
Microsoft Visual Studio Solution File, Format Version 12.00
# Visual Studio Version 16
VisualStudioVersion = 16.0.34301.259
MinimumVisualStudioVersion = 10.0.40219.1
Project("{FAE04EC0-301F-11D3-BF4B-00C04F79EFBC}") = "ElibraryManagement", "WebApplication1\ElibraryManagement.csproj", "{EDA3B538-7DD1-4ED7-BB65-6087888F2C75}"
EndProject
Global
	GlobalSection(SolutionConfigurationPlatforms) = preSolution
		Debug|Any CPU = Debug|Any CPU
		Release|Any CPU = Release|Any CPU
	EndGlobalSection
	GlobalSection(ProjectConfigurationPlatforms) = postSolution
		{EDA3B538-7DD1-4ED7-BB65-6087888F2C75}.Debug|Any CPU.ActiveCfg = Debug|Any CPU
		{EDA3B538-7DD1-4ED7-BB65-6087888F2C75}.Debug|Any CPU.Build.0 = Debug|Any CPU
		{EDA3B538-7DD1-4ED7-BB65-6087888F2C75}.Release|Any CPU.ActiveCfg = Release|Any CPU
		{EDA3B538-7DD1-4ED7-BB65-6087888F2C75}.Release|Any CPU.Build.0 = Release|Any CPU
	EndGlobalSection
	GlobalSection(SolutionProperties) = preSolution
		HideSolutionNode = FALSE
	EndGlobalSection
	GlobalSection(ExtensibilityGlobals) = postSolution
		SolutionGuid = {F99B0554-07C8-4970-B67E-5E0E0E7B7E47}
	EndGlobalSection
EndGlobal
